
Microsoft Visual Studio Solution File, Format Version 12.00
# Visual Studio Version 16
VisualStudioVersion = 16.0.31025.194
MinimumVisualStudioVersion = 10.0.40219.1
Project("{9A19103F-16F7-4668-BE54-9A1E7A4F7556}") = "CRUD.Api", "CRUD.Api\CRUD.Api.csproj", "{9AFE5E61-D54C-4C76-870E-E29FC1E407A5}"
EndProject
Project("{9A19103F-16F7-4668-BE54-9A1E7A4F7556}") = "CRUD.Data", "CRUD.Data\CRUD.Data.csproj", "{50BCA019-AC8C-425F-A428-83CBEF15E13E}"
EndProject
Project("{9A19103F-16F7-4668-BE54-9A1E7A4F7556}") = "CRUD.Model", "CRUD.Model\CRUD.Model.csproj", "{CD0BB75A-8883-4E4A-8F1B-1216F21CBD52}"
EndProject
Project("{9A19103F-16F7-4668-BE54-9A1E7A4F7556}") = "CRUD.Services", "CRUD.Services\CRUD.Services.csproj", "{22E16268-5D4F-46D2-9971-E4AF21814C4F}"
EndProject
Project("{FAE04EC0-301F-11D3-BF4B-00C04F79EFBC}") = "CRUD.Web", "CRUD.Web\CRUD.Web.csproj", "{D5618B88-3F29-459D-BCA6-19C183E2AB24}"
EndProject
Global
	GlobalSection(SolutionConfigurationPlatforms) = preSolution
		Debug|Any CPU = Debug|Any CPU
		Release|Any CPU = Release|Any CPU
	EndGlobalSection
	GlobalSection(ProjectConfigurationPlatforms) = postSolution
		{9AFE5E61-D54C-4C76-870E-E29FC1E407A5}.Debug|Any CPU.ActiveCfg = Debug|Any CPU
		{9AFE5E61-D54C-4C76-870E-E29FC1E407A5}.Debug|Any CPU.Build.0 = Debug|Any CPU
		{9AFE5E61-D54C-4C76-870E-E29FC1E407A5}.Release|Any CPU.ActiveCfg = Release|Any CPU
		{9AFE5E61-D54C-4C76-870E-E29FC1E407A5}.Release|Any CPU.Build.0 = Release|Any CPU
		{50BCA019-AC8C-425F-A428-83CBEF15E13E}.Debug|Any CPU.ActiveCfg = Debug|Any CPU
		{50BCA019-AC8C-425F-A428-83CBEF15E13E}.Debug|Any CPU.Build.0 = Debug|Any CPU
		{50BCA019-AC8C-425F-A428-83CBEF15E13E}.Release|Any CPU.ActiveCfg = Release|Any CPU
		{50BCA019-AC8C-425F-A428-83CBEF15E13E}.Release|Any CPU.Build.0 = Release|Any CPU
		{CD0BB75A-8883-4E4A-8F1B-1216F21CBD52}.Debug|Any CPU.ActiveCfg = Debug|Any CPU
		{CD0BB75A-8883-4E4A-8F1B-1216F21CBD52}.Debug|Any CPU.Build.0 = Debug|Any CPU
		{CD0BB75A-8883-4E4A-8F1B-1216F21CBD52}.Release|Any CPU.ActiveCfg = Release|Any CPU
		{CD0BB75A-8883-4E4A-8F1B-1216F21CBD52}.Release|Any CPU.Build.0 = Release|Any CPU
		{22E16268-5D4F-46D2-9971-E4AF21814C4F}.Debug|Any CPU.ActiveCfg = Debug|Any CPU
		{22E16268-5D4F-46D2-9971-E4AF21814C4F}.Debug|Any CPU.Build.0 = Debug|Any CPU
		{22E16268-5D4F-46D2-9971-E4AF21814C4F}.Release|Any CPU.ActiveCfg = Release|Any CPU
		{22E16268-5D4F-46D2-9971-E4AF21814C4F}.Release|Any CPU.Build.0 = Release|Any CPU
		{D5618B88-3F29-459D-BCA6-19C183E2AB24}.Debug|Any CPU.ActiveCfg = Debug|Any CPU
		{D5618B88-3F29-459D-BCA6-19C183E2AB24}.Debug|Any CPU.Build.0 = Debug|Any CPU
		{D5618B88-3F29-459D-BCA6-19C183E2AB24}.Release|Any CPU.ActiveCfg = Release|Any CPU
		{D5618B88-3F29-459D-BCA6-19C183E2AB24}.Release|Any CPU.Build.0 = Release|Any CPU
	EndGlobalSection
	GlobalSection(SolutionProperties) = preSolution
		HideSolutionNode = FALSE
	EndGlobalSection
	GlobalSection(ExtensibilityGlobals) = postSolution
		SolutionGuid = {ED9E0D01-93EE-4E94-875B-FA5BC64C75C0}
	EndGlobalSection
EndGlobal
